# This file is autogenerated, do not edit; changes may be undone by the next 'dep ensure'.


[[projects]]
  branch = "master"
  name = "github.com/wuriyanto48/floop"
  packages = ["."]
  revision = "426c3d65ea1776577998c747cf1f2b3fe717e20d"

[solve-meta]
  analyzer-name = "dep"
  analyzer-version = 1
  inputs-digest = "9c8575a26aaa3350f69e473d8f673834f5539ee30a9e75b61fa8bb37963ecf78"
  solver-name = "gps-cdcl"
  solver-version = 1
